
Microsoft Visual Studio Solution File, Format Version 12.00
# Visual Studio 14
VisualStudioVersion = 14.0.25420.1
MinimumVisualStudioVersion = 10.0.40219.1
Project("{FAE04EC0-301F-11D3-BF4B-00C04F79EFBC}") = "ShareYourCar", "ShareYourCar\ShareYourCar\ShareYourCar.csproj", "{51FC730D-E028-40A3-B147-60239F0AECBD}"
EndProject
Project("{FAE04EC0-301F-11D3-BF4B-00C04F79EFBC}") = "ShareYourCar.Droid", "ShareYourCar\ShareYourCar.Droid\ShareYourCar.Droid.csproj", "{F776FD6E-05D6-4797-BF7A-14CFBF8E287C}"
EndProject
Project("{FAE04EC0-301F-11D3-BF4B-00C04F79EFBC}") = "ShareYourCar.iOS", "ShareYourCar\ShareYourCar.iOS\ShareYourCar.iOS.csproj", "{FEA923F1-4F8C-44B9-A5F4-559AB743B4FF}"
EndProject
Project("{FAE04EC0-301F-11D3-BF4B-00C04F79EFBC}") = "ShareYourCar.WinPhone", "ShareYourCar\ShareYourCar.WinPhone\ShareYourCar.WinPhone.csproj", "{420657D8-7B6A-4556-AF17-D3BE3C02C5D4}"
EndProject
Project("{FAE04EC0-301F-11D3-BF4B-00C04F79EFBC}") = "ShareYourCar.UWP", "ShareYourCar\ShareYourCar.UWP\ShareYourCar.UWP.csproj", "{2C3CB710-6BCC-4274-9EDD-85740E1106EA}"
EndProject
Project("{FAE04EC0-301F-11D3-BF4B-00C04F79EFBC}") = "ShareYourCar.Windows", "ShareYourCar\ShareYourCar.Windows\ShareYourCar.Windows.csproj", "{36E088D4-0DA2-4D26-AD5F-068EF1A815F1}"
EndProject
Global
	GlobalSection(SolutionConfigurationPlatforms) = preSolution
		Ad-Hoc|Any CPU = Ad-Hoc|Any CPU
		Ad-Hoc|ARM = Ad-Hoc|ARM
		Ad-Hoc|iPhone = Ad-Hoc|iPhone
		Ad-Hoc|iPhoneSimulator = Ad-Hoc|iPhoneSimulator
		Ad-Hoc|x64 = Ad-Hoc|x64
		Ad-Hoc|x86 = Ad-Hoc|x86
		AppStore|Any CPU = AppStore|Any CPU
		AppStore|ARM = AppStore|ARM
		AppStore|iPhone = AppStore|iPhone
		AppStore|iPhoneSimulator = AppStore|iPhoneSimulator
		AppStore|x64 = AppStore|x64
		AppStore|x86 = AppStore|x86
		Debug|Any CPU = Debug|Any CPU
		Debug|ARM = Debug|ARM
		Debug|iPhone = Debug|iPhone
		Debug|iPhoneSimulator = Debug|iPhoneSimulator
		Debug|x64 = Debug|x64
		Debug|x86 = Debug|x86
		Release|Any CPU = Release|Any CPU
		Release|ARM = Release|ARM
		Release|iPhone = Release|iPhone
		Release|iPhoneSimulator = Release|iPhoneSimulator
		Release|x64 = Release|x64
		Release|x86 = Release|x86
	EndGlobalSection
	GlobalSection(ProjectConfigurationPlatforms) = postSolution
		{51FC730D-E028-40A3-B147-60239F0AECBD}.Ad-Hoc|Any CPU.ActiveCfg = Release|Any CPU
		{51FC730D-E028-40A3-B147-60239F0AECBD}.Ad-Hoc|Any CPU.Build.0 = Release|Any CPU
		{51FC730D-E028-40A3-B147-60239F0AECBD}.Ad-Hoc|ARM.ActiveCfg = Release|Any CPU
		{51FC730D-E028-40A3-B147-60239F0AECBD}.Ad-Hoc|ARM.Build.0 = Release|Any CPU
		{51FC730D-E028-40A3-B147-60239F0AECBD}.Ad-Hoc|iPhone.ActiveCfg = Release|Any CPU
		{51FC730D-E028-40A3-B147-60239F0AECBD}.Ad-Hoc|iPhone.Build.0 = Release|Any CPU
		{51FC730D-E028-40A3-B147-60239F0AECBD}.Ad-Hoc|iPhoneSimulator.ActiveCfg = Release|Any CPU
		{51FC730D-E028-40A3-B147-60239F0AECBD}.Ad-Hoc|iPhoneSimulator.Build.0 = Release|Any CPU
		{51FC730D-E028-40A3-B147-60239F0AECBD}.Ad-Hoc|x64.ActiveCfg = Release|Any CPU
		{51FC730D-E028-40A3-B147-60239F0AECBD}.Ad-Hoc|x64.Build.0 = Release|Any CPU
		{51FC730D-E028-40A3-B147-60239F0AECBD}.Ad-Hoc|x86.ActiveCfg = Release|Any CPU
		{51FC730D-E028-40A3-B147-60239F0AECBD}.Ad-Hoc|x86.Build.0 = Release|Any CPU
		{51FC730D-E028-40A3-B147-60239F0AECBD}.AppStore|Any CPU.ActiveCfg = Release|Any CPU
		{51FC730D-E028-40A3-B147-60239F0AECBD}.AppStore|Any CPU.Build.0 = Release|Any CPU
		{51FC730D-E028-40A3-B147-60239F0AECBD}.AppStore|ARM.ActiveCfg = Release|Any CPU
		{51FC730D-E028-40A3-B147-60239F0AECBD}.AppStore|ARM.Build.0 = Release|Any CPU
		{51FC730D-E028-40A3-B147-60239F0AECBD}.AppStore|iPhone.ActiveCfg = Release|Any CPU
		{51FC730D-E028-40A3-B147-60239F0AECBD}.AppStore|iPhone.Build.0 = Release|Any CPU
		{51FC730D-E028-40A3-B147-60239F0AECBD}.AppStore|iPhoneSimulator.ActiveCfg = Release|Any CPU
		{51FC730D-E028-40A3-B147-60239F0AECBD}.AppStore|iPhoneSimulator.Build.0 = Release|Any CPU
		{51FC730D-E028-40A3-B147-60239F0AECBD}.AppStore|x64.ActiveCfg = Release|Any CPU
		{51FC730D-E028-40A3-B147-60239F0AECBD}.AppStore|x64.Build.0 = Release|Any CPU
		{51FC730D-E028-40A3-B147-60239F0AECBD}.AppStore|x86.ActiveCfg = Release|Any CPU
		{51FC730D-E028-40A3-B147-60239F0AECBD}.AppStore|x86.Build.0 = Release|Any CPU
		{51FC730D-E028-40A3-B147-60239F0AECBD}.Debug|Any CPU.ActiveCfg = Debug|Any CPU
		{51FC730D-E028-40A3-B147-60239F0AECBD}.Debug|Any CPU.Build.0 = Debug|Any CPU
		{51FC730D-E028-40A3-B147-60239F0AECBD}.Debug|ARM.ActiveCfg = Debug|Any CPU
		{51FC730D-E028-40A3-B147-60239F0AECBD}.Debug|ARM.Build.0 = Debug|Any CPU
		{51FC730D-E028-40A3-B147-60239F0AECBD}.Debug|iPhone.ActiveCfg = Debug|Any CPU
		{51FC730D-E028-40A3-B147-60239F0AECBD}.Debug|iPhone.Build.0 = Debug|Any CPU
		{51FC730D-E028-40A3-B147-60239F0AECBD}.Debug|iPhoneSimulator.ActiveCfg = Debug|Any CPU
		{51FC730D-E028-40A3-B147-60239F0AECBD}.Debug|iPhoneSimulator.Build.0 = Debug|Any CPU
		{51FC730D-E028-40A3-B147-60239F0AECBD}.Debug|x64.ActiveCfg = Debug|Any CPU
		{51FC730D-E028-40A3-B147-60239F0AECBD}.Debug|x64.Build.0 = Debug|Any CPU
		{51FC730D-E028-40A3-B147-60239F0AECBD}.Debug|x86.ActiveCfg = Debug|Any CPU
		{51FC730D-E028-40A3-B147-60239F0AECBD}.Debug|x86.Build.0 = Debug|Any CPU
		{51FC730D-E028-40A3-B147-60239F0AECBD}.Release|Any CPU.ActiveCfg = Release|Any CPU
		{51FC730D-E028-40A3-B147-60239F0AECBD}.Release|Any CPU.Build.0 = Release|Any CPU
		{51FC730D-E028-40A3-B147-60239F0AECBD}.Release|ARM.ActiveCfg = Release|Any CPU
		{51FC730D-E028-40A3-B147-60239F0AECBD}.Release|ARM.Build.0 = Release|Any CPU
		{51FC730D-E028-40A3-B147-60239F0AECBD}.Release|iPhone.ActiveCfg = Release|Any CPU
		{51FC730D-E028-40A3-B147-60239F0AECBD}.Release|iPhone.Build.0 = Release|Any CPU
		{51FC730D-E028-40A3-B147-60239F0AECBD}.Release|iPhoneSimulator.ActiveCfg = Release|Any CPU
		{51FC730D-E028-40A3-B147-60239F0AECBD}.Release|iPhoneSimulator.Build.0 = Release|Any CPU
		{51FC730D-E028-40A3-B147-60239F0AECBD}.Release|x64.ActiveCfg = Release|Any CPU
		{51FC730D-E028-40A3-B147-60239F0AECBD}.Release|x64.Build.0 = Release|Any CPU
		{51FC730D-E028-40A3-B147-60239F0AECBD}.Release|x86.ActiveCfg = Release|Any CPU
		{51FC730D-E028-40A3-B147-60239F0AECBD}.Release|x86.Build.0 = Release|Any CPU
		{F776FD6E-05D6-4797-BF7A-14CFBF8E287C}.Ad-Hoc|Any CPU.ActiveCfg = Release|Any CPU
		{F776FD6E-05D6-4797-BF7A-14CFBF8E287C}.Ad-Hoc|Any CPU.Build.0 = Release|Any CPU
		{F776FD6E-05D6-4797-BF7A-14CFBF8E287C}.Ad-Hoc|Any CPU.Deploy.0 = Release|Any CPU
		{F776FD6E-05D6-4797-BF7A-14CFBF8E287C}.Ad-Hoc|ARM.ActiveCfg = Release|Any CPU
		{F776FD6E-05D6-4797-BF7A-14CFBF8E287C}.Ad-Hoc|ARM.Build.0 = Release|Any CPU
		{F776FD6E-05D6-4797-BF7A-14CFBF8E287C}.Ad-Hoc|ARM.Deploy.0 = Release|Any CPU
		{F776FD6E-05D6-4797-BF7A-14CFBF8E287C}.Ad-Hoc|iPhone.ActiveCfg = Release|Any CPU
		{F776FD6E-05D6-4797-BF7A-14CFBF8E287C}.Ad-Hoc|iPhone.Build.0 = Release|Any CPU
		{F776FD6E-05D6-4797-BF7A-14CFBF8E287C}.Ad-Hoc|iPhone.Deploy.0 = Release|Any CPU
		{F776FD6E-05D6-4797-BF7A-14CFBF8E287C}.Ad-Hoc|iPhoneSimulator.ActiveCfg = Release|Any CPU
		{F776FD6E-05D6-4797-BF7A-14CFBF8E287C}.Ad-Hoc|iPhoneSimulator.Build.0 = Release|Any CPU
		{F776FD6E-05D6-4797-BF7A-14CFBF8E287C}.Ad-Hoc|iPhoneSimulator.Deploy.0 = Release|Any CPU
		{F776FD6E-05D6-4797-BF7A-14CFBF8E287C}.Ad-Hoc|x64.ActiveCfg = Release|Any CPU
		{F776FD6E-05D6-4797-BF7A-14CFBF8E287C}.Ad-Hoc|x64.Build.0 = Release|Any CPU
		{F776FD6E-05D6-4797-BF7A-14CFBF8E287C}.Ad-Hoc|x64.Deploy.0 = Release|Any CPU
		{F776FD6E-05D6-4797-BF7A-14CFBF8E287C}.Ad-Hoc|x86.ActiveCfg = Release|Any CPU
		{F776FD6E-05D6-4797-BF7A-14CFBF8E287C}.Ad-Hoc|x86.Build.0 = Release|Any CPU
		{F776FD6E-05D6-4797-BF7A-14CFBF8E287C}.Ad-Hoc|x86.Deploy.0 = Release|Any CPU
		{F776FD6E-05D6-4797-BF7A-14CFBF8E287C}.AppStore|Any CPU.ActiveCfg = Release|Any CPU
		{F776FD6E-05D6-4797-BF7A-14CFBF8E287C}.AppStore|Any CPU.Build.0 = Release|Any CPU
		{F776FD6E-05D6-4797-BF7A-14CFBF8E287C}.AppStore|Any CPU.Deploy.0 = Release|Any CPU
		{F776FD6E-05D6-4797-BF7A-14CFBF8E287C}.AppStore|ARM.ActiveCfg = Release|Any CPU
		{F776FD6E-05D6-4797-BF7A-14CFBF8E287C}.AppStore|ARM.Build.0 = Release|Any CPU
		{F776FD6E-05D6-4797-BF7A-14CFBF8E287C}.AppStore|ARM.Deploy.0 = Release|Any CPU
		{F776FD6E-05D6-4797-BF7A-14CFBF8E287C}.AppStore|iPhone.ActiveCfg = Release|Any CPU
		{F776FD6E-05D6-4797-BF7A-14CFBF8E287C}.AppStore|iPhone.Build.0 = Release|Any CPU
		{F776FD6E-05D6-4797-BF7A-14CFBF8E287C}.AppStore|iPhone.Deploy.0 = Release|Any CPU
		{F776FD6E-05D6-4797-BF7A-14CFBF8E287C}.AppStore|iPhoneSimulator.ActiveCfg = Release|Any CPU
		{F776FD6E-05D6-4797-BF7A-14CFBF8E287C}.AppStore|iPhoneSimulator.Build.0 = Release|Any CPU
		{F776FD6E-05D6-4797-BF7A-14CFBF8E287C}.AppStore|iPhoneSimulator.Deploy.0 = Release|Any CPU
		{F776FD6E-05D6-4797-BF7A-14CFBF8E287C}.AppStore|x64.ActiveCfg = Release|Any CPU
		{F776FD6E-05D6-4797-BF7A-14CFBF8E287C}.AppStore|x64.Build.0 = Release|Any CPU
		{F776FD6E-05D6-4797-BF7A-14CFBF8E287C}.AppStore|x64.Deploy.0 = Release|Any CPU
		{F776FD6E-05D6-4797-BF7A-14CFBF8E287C}.AppStore|x86.ActiveCfg = Release|Any CPU
		{F776FD6E-05D6-4797-BF7A-14CFBF8E287C}.AppStore|x86.Build.0 = Release|Any CPU
		{F776FD6E-05D6-4797-BF7A-14CFBF8E287C}.AppStore|x86.Deploy.0 = Release|Any CPU
		{F776FD6E-05D6-4797-BF7A-14CFBF8E287C}.Debug|Any CPU.ActiveCfg = Debug|Any CPU
		{F776FD6E-05D6-4797-BF7A-14CFBF8E287C}.Debug|Any CPU.Build.0 = Debug|Any CPU
		{F776FD6E-05D6-4797-BF7A-14CFBF8E287C}.Debug|Any CPU.Deploy.0 = Debug|Any CPU
		{F776FD6E-05D6-4797-BF7A-14CFBF8E287C}.Debug|ARM.ActiveCfg = Debug|Any CPU
		{F776FD6E-05D6-4797-BF7A-14CFBF8E287C}.Debug|ARM.Build.0 = Debug|Any CPU
		{F776FD6E-05D6-4797-BF7A-14CFBF8E287C}.Debug|ARM.Deploy.0 = Debug|Any CPU
		{F776FD6E-05D6-4797-BF7A-14CFBF8E287C}.Debug|iPhone.ActiveCfg = Debug|Any CPU
		{F776FD6E-05D6-4797-BF7A-14CFBF8E287C}.Debug|iPhone.Build.0 = Debug|Any CPU
		{F776FD6E-05D6-4797-BF7A-14CFBF8E287C}.Debug|iPhone.Deploy.0 = Debug|Any CPU
		{F776FD6E-05D6-4797-BF7A-14CFBF8E287C}.Debug|iPhoneSimulator.ActiveCfg = Debug|Any CPU
		{F776FD6E-05D6-4797-BF7A-14CFBF8E287C}.Debug|iPhoneSimulator.Build.0 = Debug|Any CPU
		{F776FD6E-05D6-4797-BF7A-14CFBF8E287C}.Debug|iPhoneSimulator.Deploy.0 = Debug|Any CPU
		{F776FD6E-05D6-4797-BF7A-14CFBF8E287C}.Debug|x64.ActiveCfg = Debug|Any CPU
		{F776FD6E-05D6-4797-BF7A-14CFBF8E287C}.Debug|x64.Build.0 = Debug|Any CPU
		{F776FD6E-05D6-4797-BF7A-14CFBF8E287C}.Debug|x64.Deploy.0 = Debug|Any CPU
		{F776FD6E-05D6-4797-BF7A-14CFBF8E287C}.Debug|x86.ActiveCfg = Debug|Any CPU
		{F776FD6E-05D6-4797-BF7A-14CFBF8E287C}.Debug|x86.Build.0 = Debug|Any CPU
		{F776FD6E-05D6-4797-BF7A-14CFBF8E287C}.Debug|x86.Deploy.0 = Debug|Any CPU
		{F776FD6E-05D6-4797-BF7A-14CFBF8E287C}.Release|Any CPU.ActiveCfg = Release|Any CPU
		{F776FD6E-05D6-4797-BF7A-14CFBF8E287C}.Release|Any CPU.Build.0 = Release|Any CPU
		{F776FD6E-05D6-4797-BF7A-14CFBF8E287C}.Release|Any CPU.Deploy.0 = Release|Any CPU
		{F776FD6E-05D6-4797-BF7A-14CFBF8E287C}.Release|ARM.ActiveCfg = Release|Any CPU
		{F776FD6E-05D6-4797-BF7A-14CFBF8E287C}.Release|ARM.Build.0 = Release|Any CPU
		{F776FD6E-05D6-4797-BF7A-14CFBF8E287C}.Release|ARM.Deploy.0 = Release|Any CPU
		{F776FD6E-05D6-4797-BF7A-14CFBF8E287C}.Release|iPhone.ActiveCfg = Release|Any CPU
		{F776FD6E-05D6-4797-BF7A-14CFBF8E287C}.Release|iPhone.Build.0 = Release|Any CPU
		{F776FD6E-05D6-4797-BF7A-14CFBF8E287C}.Release|iPhone.Deploy.0 = Release|Any CPU
		{F776FD6E-05D6-4797-BF7A-14CFBF8E287C}.Release|iPhoneSimulator.ActiveCfg = Release|Any CPU
		{F776FD6E-05D6-4797-BF7A-14CFBF8E287C}.Release|iPhoneSimulator.Build.0 = Release|Any CPU
		{F776FD6E-05D6-4797-BF7A-14CFBF8E287C}.Release|iPhoneSimulator.Deploy.0 = Release|Any CPU
		{F776FD6E-05D6-4797-BF7A-14CFBF8E287C}.Release|x64.ActiveCfg = Release|Any CPU
		{F776FD6E-05D6-4797-BF7A-14CFBF8E287C}.Release|x64.Build.0 = Release|Any CPU
		{F776FD6E-05D6-4797-BF7A-14CFBF8E287C}.Release|x64.Deploy.0 = Release|Any CPU
		{F776FD6E-05D6-4797-BF7A-14CFBF8E287C}.Release|x86.ActiveCfg = Release|Any CPU
		{F776FD6E-05D6-4797-BF7A-14CFBF8E287C}.Release|x86.Build.0 = Release|Any CPU
		{F776FD6E-05D6-4797-BF7A-14CFBF8E287C}.Release|x86.Deploy.0 = Release|Any CPU
		{FEA923F1-4F8C-44B9-A5F4-559AB743B4FF}.Ad-Hoc|Any CPU.ActiveCfg = Ad-Hoc|iPhone
		{FEA923F1-4F8C-44B9-A5F4-559AB743B4FF}.Ad-Hoc|ARM.ActiveCfg = Ad-Hoc|iPhone
		{FEA923F1-4F8C-44B9-A5F4-559AB743B4FF}.Ad-Hoc|iPhone.ActiveCfg = Ad-Hoc|iPhone
		{FEA923F1-4F8C-44B9-A5F4-559AB743B4FF}.Ad-Hoc|iPhone.Build.0 = Ad-Hoc|iPhone
		{FEA923F1-4F8C-44B9-A5F4-559AB743B4FF}.Ad-Hoc|iPhoneSimulator.ActiveCfg = Ad-Hoc|iPhoneSimulator
		{FEA923F1-4F8C-44B9-A5F4-559AB743B4FF}.Ad-Hoc|iPhoneSimulator.Build.0 = Ad-Hoc|iPhoneSimulator
		{FEA923F1-4F8C-44B9-A5F4-559AB743B4FF}.Ad-Hoc|x64.ActiveCfg = Ad-Hoc|iPhone
		{FEA923F1-4F8C-44B9-A5F4-559AB743B4FF}.Ad-Hoc|x86.ActiveCfg = Ad-Hoc|iPhone
		{FEA923F1-4F8C-44B9-A5F4-559AB743B4FF}.AppStore|Any CPU.ActiveCfg = AppStore|iPhone
		{FEA923F1-4F8C-44B9-A5F4-559AB743B4FF}.AppStore|ARM.ActiveCfg = AppStore|iPhone
		{FEA923F1-4F8C-44B9-A5F4-559AB743B4FF}.AppStore|iPhone.ActiveCfg = AppStore|iPhone
		{FEA923F1-4F8C-44B9-A5F4-559AB743B4FF}.AppStore|iPhone.Build.0 = AppStore|iPhone
		{FEA923F1-4F8C-44B9-A5F4-559AB743B4FF}.AppStore|iPhoneSimulator.ActiveCfg = AppStore|iPhoneSimulator
		{FEA923F1-4F8C-44B9-A5F4-559AB743B4FF}.AppStore|iPhoneSimulator.Build.0 = AppStore|iPhoneSimulator
		{FEA923F1-4F8C-44B9-A5F4-559AB743B4FF}.AppStore|x64.ActiveCfg = AppStore|iPhone
		{FEA923F1-4F8C-44B9-A5F4-559AB743B4FF}.AppStore|x86.ActiveCfg = AppStore|iPhone
		{FEA923F1-4F8C-44B9-A5F4-559AB743B4FF}.Debug|Any CPU.ActiveCfg = Debug|iPhone
		{FEA923F1-4F8C-44B9-A5F4-559AB743B4FF}.Debug|ARM.ActiveCfg = Debug|iPhone
		{FEA923F1-4F8C-44B9-A5F4-559AB743B4FF}.Debug|iPhone.ActiveCfg = Debug|iPhone
		{FEA923F1-4F8C-44B9-A5F4-559AB743B4FF}.Debug|iPhone.Build.0 = Debug|iPhone
		{FEA923F1-4F8C-44B9-A5F4-559AB743B4FF}.Debug|iPhoneSimulator.ActiveCfg = Debug|iPhoneSimulator
		{FEA923F1-4F8C-44B9-A5F4-559AB743B4FF}.Debug|iPhoneSimulator.Build.0 = Debug|iPhoneSimulator
		{FEA923F1-4F8C-44B9-A5F4-559AB743B4FF}.Debug|x64.ActiveCfg = Debug|iPhone
		{FEA923F1-4F8C-44B9-A5F4-559AB743B4FF}.Debug|x86.ActiveCfg = Debug|iPhone
		{FEA923F1-4F8C-44B9-A5F4-559AB743B4FF}.Release|Any CPU.ActiveCfg = Release|iPhone
		{FEA923F1-4F8C-44B9-A5F4-559AB743B4FF}.Release|ARM.ActiveCfg = Release|iPhone
		{FEA923F1-4F8C-44B9-A5F4-559AB743B4FF}.Release|iPhone.ActiveCfg = Release|iPhone
		{FEA923F1-4F8C-44B9-A5F4-559AB743B4FF}.Release|iPhone.Build.0 = Release|iPhone
		{FEA923F1-4F8C-44B9-A5F4-559AB743B4FF}.Release|iPhoneSimulator.ActiveCfg = Release|iPhoneSimulator
		{FEA923F1-4F8C-44B9-A5F4-559AB743B4FF}.Release|iPhoneSimulator.Build.0 = Release|iPhoneSimulator
		{FEA923F1-4F8C-44B9-A5F4-559AB743B4FF}.Release|x64.ActiveCfg = Release|iPhone
		{FEA923F1-4F8C-44B9-A5F4-559AB743B4FF}.Release|x86.ActiveCfg = Release|iPhone
		{420657D8-7B6A-4556-AF17-D3BE3C02C5D4}.Ad-Hoc|Any CPU.ActiveCfg = Release|Any CPU
		{420657D8-7B6A-4556-AF17-D3BE3C02C5D4}.Ad-Hoc|Any CPU.Build.0 = Release|Any CPU
		{420657D8-7B6A-4556-AF17-D3BE3C02C5D4}.Ad-Hoc|Any CPU.Deploy.0 = Release|Any CPU
		{420657D8-7B6A-4556-AF17-D3BE3C02C5D4}.Ad-Hoc|ARM.ActiveCfg = Release|ARM
		{420657D8-7B6A-4556-AF17-D3BE3C02C5D4}.Ad-Hoc|ARM.Build.0 = Release|ARM
		{420657D8-7B6A-4556-AF17-D3BE3C02C5D4}.Ad-Hoc|ARM.Deploy.0 = Release|ARM
		{420657D8-7B6A-4556-AF17-D3BE3C02C5D4}.Ad-Hoc|iPhone.ActiveCfg = Release|Any CPU
		{420657D8-7B6A-4556-AF17-D3BE3C02C5D4}.Ad-Hoc|iPhone.Build.0 = Release|Any CPU
		{420657D8-7B6A-4556-AF17-D3BE3C02C5D4}.Ad-Hoc|iPhone.Deploy.0 = Release|Any CPU
		{420657D8-7B6A-4556-AF17-D3BE3C02C5D4}.Ad-Hoc|iPhoneSimulator.ActiveCfg = Release|Any CPU
		{420657D8-7B6A-4556-AF17-D3BE3C02C5D4}.Ad-Hoc|iPhoneSimulator.Build.0 = Release|Any CPU
		{420657D8-7B6A-4556-AF17-D3BE3C02C5D4}.Ad-Hoc|iPhoneSimulator.Deploy.0 = Release|Any CPU
		{420657D8-7B6A-4556-AF17-D3BE3C02C5D4}.Ad-Hoc|x64.ActiveCfg = Release|Any CPU
		{420657D8-7B6A-4556-AF17-D3BE3C02C5D4}.Ad-Hoc|x64.Build.0 = Release|Any CPU
		{420657D8-7B6A-4556-AF17-D3BE3C02C5D4}.Ad-Hoc|x64.Deploy.0 = Release|Any CPU
		{420657D8-7B6A-4556-AF17-D3BE3C02C5D4}.Ad-Hoc|x86.ActiveCfg = Release|x86
		{420657D8-7B6A-4556-AF17-D3BE3C02C5D4}.Ad-Hoc|x86.Build.0 = Release|x86
		{420657D8-7B6A-4556-AF17-D3BE3C02C5D4}.Ad-Hoc|x86.Deploy.0 = Release|x86
		{420657D8-7B6A-4556-AF17-D3BE3C02C5D4}.AppStore|Any CPU.ActiveCfg = Release|Any CPU
		{420657D8-7B6A-4556-AF17-D3BE3C02C5D4}.AppStore|Any CPU.Build.0 = Release|Any CPU
		{420657D8-7B6A-4556-AF17-D3BE3C02C5D4}.AppStore|Any CPU.Deploy.0 = Release|Any CPU
		{420657D8-7B6A-4556-AF17-D3BE3C02C5D4}.AppStore|ARM.ActiveCfg = Release|ARM
		{420657D8-7B6A-4556-AF17-D3BE3C02C5D4}.AppStore|ARM.Build.0 = Release|ARM
		{420657D8-7B6A-4556-AF17-D3BE3C02C5D4}.AppStore|ARM.Deploy.0 = Release|ARM
		{420657D8-7B6A-4556-AF17-D3BE3C02C5D4}.AppStore|iPhone.ActiveCfg = Release|Any CPU
		{420657D8-7B6A-4556-AF17-D3BE3C02C5D4}.AppStore|iPhone.Build.0 = Release|Any CPU
		{420657D8-7B6A-4556-AF17-D3BE3C02C5D4}.AppStore|iPhone.Deploy.0 = Release|Any CPU
		{420657D8-7B6A-4556-AF17-D3BE3C02C5D4}.AppStore|iPhoneSimulator.ActiveCfg = Release|Any CPU
		{420657D8-7B6A-4556-AF17-D3BE3C02C5D4}.AppStore|iPhoneSimulator.Build.0 = Release|Any CPU
		{420657D8-7B6A-4556-AF17-D3BE3C02C5D4}.AppStore|iPhoneSimulator.Deploy.0 = Release|Any CPU
		{420657D8-7B6A-4556-AF17-D3BE3C02C5D4}.AppStore|x64.ActiveCfg = Release|Any CPU
		{420657D8-7B6A-4556-AF17-D3BE3C02C5D4}.AppStore|x64.Build.0 = Release|Any CPU
		{420657D8-7B6A-4556-AF17-D3BE3C02C5D4}.AppStore|x64.Deploy.0 = Release|Any CPU
		{420657D8-7B6A-4556-AF17-D3BE3C02C5D4}.AppStore|x86.ActiveCfg = Release|x86
		{420657D8-7B6A-4556-AF17-D3BE3C02C5D4}.AppStore|x86.Build.0 = Release|x86
		{420657D8-7B6A-4556-AF17-D3BE3C02C5D4}.AppStore|x86.Deploy.0 = Release|x86
		{420657D8-7B6A-4556-AF17-D3BE3C02C5D4}.Debug|Any CPU.ActiveCfg = Debug|Any CPU
		{420657D8-7B6A-4556-AF17-D3BE3C02C5D4}.Debug|Any CPU.Build.0 = Debug|Any CPU
		{420657D8-7B6A-4556-AF17-D3BE3C02C5D4}.Debug|Any CPU.Deploy.0 = Debug|Any CPU
		{420657D8-7B6A-4556-AF17-D3BE3C02C5D4}.Debug|ARM.ActiveCfg = Debug|ARM
		{420657D8-7B6A-4556-AF17-D3BE3C02C5D4}.Debug|ARM.Build.0 = Debug|ARM
		{420657D8-7B6A-4556-AF17-D3BE3C02C5D4}.Debug|ARM.Deploy.0 = Debug|ARM
		{420657D8-7B6A-4556-AF17-D3BE3C02C5D4}.Debug|iPhone.ActiveCfg = Debug|Any CPU
		{420657D8-7B6A-4556-AF17-D3BE3C02C5D4}.Debug|iPhone.Build.0 = Debug|Any CPU
		{420657D8-7B6A-4556-AF17-D3BE3C02C5D4}.Debug|iPhone.Deploy.0 = Debug|Any CPU
		{420657D8-7B6A-4556-AF17-D3BE3C02C5D4}.Debug|iPhoneSimulator.ActiveCfg = Debug|Any CPU
		{420657D8-7B6A-4556-AF17-D3BE3C02C5D4}.Debug|iPhoneSimulator.Build.0 = Debug|Any CPU
		{420657D8-7B6A-4556-AF17-D3BE3C02C5D4}.Debug|iPhoneSimulator.Deploy.0 = Debug|Any CPU
		{420657D8-7B6A-4556-AF17-D3BE3C02C5D4}.Debug|x64.ActiveCfg = Debug|Any CPU
		{420657D8-7B6A-4556-AF17-D3BE3C02C5D4}.Debug|x64.Build.0 = Debug|Any CPU
		{420657D8-7B6A-4556-AF17-D3BE3C02C5D4}.Debug|x64.Deploy.0 = Debug|Any CPU
		{420657D8-7B6A-4556-AF17-D3BE3C02C5D4}.Debug|x86.ActiveCfg = Debug|x86
		{420657D8-7B6A-4556-AF17-D3BE3C02C5D4}.Debug|x86.Build.0 = Debug|x86
		{420657D8-7B6A-4556-AF17-D3BE3C02C5D4}.Debug|x86.Deploy.0 = Debug|x86
		{420657D8-7B6A-4556-AF17-D3BE3C02C5D4}.Release|Any CPU.ActiveCfg = Release|Any CPU
		{420657D8-7B6A-4556-AF17-D3BE3C02C5D4}.Release|Any CPU.Build.0 = Release|Any CPU
		{420657D8-7B6A-4556-AF17-D3BE3C02C5D4}.Release|Any CPU.Deploy.0 = Release|Any CPU
		{420657D8-7B6A-4556-AF17-D3BE3C02C5D4}.Release|ARM.ActiveCfg = Release|ARM
		{420657D8-7B6A-4556-AF17-D3BE3C02C5D4}.Release|ARM.Build.0 = Release|ARM
		{420657D8-7B6A-4556-AF17-D3BE3C02C5D4}.Release|ARM.Deploy.0 = Release|ARM
		{420657D8-7B6A-4556-AF17-D3BE3C02C5D4}.Release|iPhone.ActiveCfg = Release|Any CPU
		{420657D8-7B6A-4556-AF17-D3BE3C02C5D4}.Release|iPhone.Build.0 = Release|Any CPU
		{420657D8-7B6A-4556-AF17-D3BE3C02C5D4}.Release|iPhone.Deploy.0 = Release|Any CPU
		{420657D8-7B6A-4556-AF17-D3BE3C02C5D4}.Release|iPhoneSimulator.ActiveCfg = Release|Any CPU
		{420657D8-7B6A-4556-AF17-D3BE3C02C5D4}.Release|iPhoneSimulator.Build.0 = Release|Any CPU
		{420657D8-7B6A-4556-AF17-D3BE3C02C5D4}.Release|iPhoneSimulator.Deploy.0 = Release|Any CPU
		{420657D8-7B6A-4556-AF17-D3BE3C02C5D4}.Release|x64.ActiveCfg = Release|Any CPU
		{420657D8-7B6A-4556-AF17-D3BE3C02C5D4}.Release|x64.Build.0 = Release|Any CPU
		{420657D8-7B6A-4556-AF17-D3BE3C02C5D4}.Release|x64.Deploy.0 = Release|Any CPU
		{420657D8-7B6A-4556-AF17-D3BE3C02C5D4}.Release|x86.ActiveCfg = Release|x86
		{420657D8-7B6A-4556-AF17-D3BE3C02C5D4}.Release|x86.Build.0 = Release|x86
		{420657D8-7B6A-4556-AF17-D3BE3C02C5D4}.Release|x86.Deploy.0 = Release|x86
		{2C3CB710-6BCC-4274-9EDD-85740E1106EA}.Ad-Hoc|Any CPU.ActiveCfg = Release|x86
		{2C3CB710-6BCC-4274-9EDD-85740E1106EA}.Ad-Hoc|Any CPU.Build.0 = Release|x86
		{2C3CB710-6BCC-4274-9EDD-85740E1106EA}.Ad-Hoc|Any CPU.Deploy.0 = Release|x86
		{2C3CB710-6BCC-4274-9EDD-85740E1106EA}.Ad-Hoc|ARM.ActiveCfg = Release|ARM
		{2C3CB710-6BCC-4274-9EDD-85740E1106EA}.Ad-Hoc|ARM.Build.0 = Release|ARM
		{2C3CB710-6BCC-4274-9EDD-85740E1106EA}.Ad-Hoc|ARM.Deploy.0 = Release|ARM
		{2C3CB710-6BCC-4274-9EDD-85740E1106EA}.Ad-Hoc|iPhone.ActiveCfg = Release|x86
		{2C3CB710-6BCC-4274-9EDD-85740E1106EA}.Ad-Hoc|iPhone.Build.0 = Release|x86
		{2C3CB710-6BCC-4274-9EDD-85740E1106EA}.Ad-Hoc|iPhone.Deploy.0 = Release|x86
		{2C3CB710-6BCC-4274-9EDD-85740E1106EA}.Ad-Hoc|iPhoneSimulator.ActiveCfg = Release|x86
		{2C3CB710-6BCC-4274-9EDD-85740E1106EA}.Ad-Hoc|iPhoneSimulator.Build.0 = Release|x86
		{2C3CB710-6BCC-4274-9EDD-85740E1106EA}.Ad-Hoc|iPhoneSimulator.Deploy.0 = Release|x86
		{2C3CB710-6BCC-4274-9EDD-85740E1106EA}.Ad-Hoc|x64.ActiveCfg = Release|x64
		{2C3CB710-6BCC-4274-9EDD-85740E1106EA}.Ad-Hoc|x64.Build.0 = Release|x64
		{2C3CB710-6BCC-4274-9EDD-85740E1106EA}.Ad-Hoc|x64.Deploy.0 = Release|x64
		{2C3CB710-6BCC-4274-9EDD-85740E1106EA}.Ad-Hoc|x86.ActiveCfg = Release|x86
		{2C3CB710-6BCC-4274-9EDD-85740E1106EA}.Ad-Hoc|x86.Build.0 = Release|x86
		{2C3CB710-6BCC-4274-9EDD-85740E1106EA}.Ad-Hoc|x86.Deploy.0 = Release|x86
		{2C3CB710-6BCC-4274-9EDD-85740E1106EA}.AppStore|Any CPU.ActiveCfg = Release|x86
		{2C3CB710-6BCC-4274-9EDD-85740E1106EA}.AppStore|Any CPU.Build.0 = Release|x86
		{2C3CB710-6BCC-4274-9EDD-85740E1106EA}.AppStore|Any CPU.Deploy.0 = Release|x86
		{2C3CB710-6BCC-4274-9EDD-85740E1106EA}.AppStore|ARM.ActiveCfg = Release|ARM
		{2C3CB710-6BCC-4274-9EDD-85740E1106EA}.AppStore|ARM.Build.0 = Release|ARM
		{2C3CB710-6BCC-4274-9EDD-85740E1106EA}.AppStore|ARM.Deploy.0 = Release|ARM
		{2C3CB710-6BCC-4274-9EDD-85740E1106EA}.AppStore|iPhone.ActiveCfg = Release|x86
		{2C3CB710-6BCC-4274-9EDD-85740E1106EA}.AppStore|iPhone.Build.0 = Release|x86
		{2C3CB710-6BCC-4274-9EDD-85740E1106EA}.AppStore|iPhone.Deploy.0 = Release|x86
		{2C3CB710-6BCC-4274-9EDD-85740E1106EA}.AppStore|iPhoneSimulator.ActiveCfg = Release|x86
		{2C3CB710-6BCC-4274-9EDD-85740E1106EA}.AppStore|iPhoneSimulator.Build.0 = Release|x86
		{2C3CB710-6BCC-4274-9EDD-85740E1106EA}.AppStore|iPhoneSimulator.Deploy.0 = Release|x86
		{2C3CB710-6BCC-4274-9EDD-85740E1106EA}.AppStore|x64.ActiveCfg = Release|x64
		{2C3CB710-6BCC-4274-9EDD-85740E1106EA}.AppStore|x64.Build.0 = Release|x64
		{2C3CB710-6BCC-4274-9EDD-85740E1106EA}.AppStore|x64.Deploy.0 = Release|x64
		{2C3CB710-6BCC-4274-9EDD-85740E1106EA}.AppStore|x86.ActiveCfg = Release|x86
		{2C3CB710-6BCC-4274-9EDD-85740E1106EA}.AppStore|x86.Build.0 = Release|x86
		{2C3CB710-6BCC-4274-9EDD-85740E1106EA}.AppStore|x86.Deploy.0 = Release|x86
		{2C3CB710-6BCC-4274-9EDD-85740E1106EA}.Debug|Any CPU.ActiveCfg = Debug|x86
		{2C3CB710-6BCC-4274-9EDD-85740E1106EA}.Debug|ARM.ActiveCfg = Debug|ARM
		{2C3CB710-6BCC-4274-9EDD-85740E1106EA}.Debug|ARM.Build.0 = Debug|ARM
		{2C3CB710-6BCC-4274-9EDD-85740E1106EA}.Debug|ARM.Deploy.0 = Debug|ARM
		{2C3CB710-6BCC-4274-9EDD-85740E1106EA}.Debug|iPhone.ActiveCfg = Debug|x86
		{2C3CB710-6BCC-4274-9EDD-85740E1106EA}.Debug|iPhoneSimulator.ActiveCfg = Debug|x86
		{2C3CB710-6BCC-4274-9EDD-85740E1106EA}.Debug|x64.ActiveCfg = Debug|x64
		{2C3CB710-6BCC-4274-9EDD-85740E1106EA}.Debug|x64.Build.0 = Debug|x64
		{2C3CB710-6BCC-4274-9EDD-85740E1106EA}.Debug|x64.Deploy.0 = Debug|x64
		{2C3CB710-6BCC-4274-9EDD-85740E1106EA}.Debug|x86.ActiveCfg = Debug|x86
		{2C3CB710-6BCC-4274-9EDD-85740E1106EA}.Debug|x86.Build.0 = Debug|x86
		{2C3CB710-6BCC-4274-9EDD-85740E1106EA}.Debug|x86.Deploy.0 = Debug|x86
		{2C3CB710-6BCC-4274-9EDD-85740E1106EA}.Release|Any CPU.ActiveCfg = Release|x86
		{2C3CB710-6BCC-4274-9EDD-85740E1106EA}.Release|ARM.ActiveCfg = Release|ARM
		{2C3CB710-6BCC-4274-9EDD-85740E1106EA}.Release|ARM.Build.0 = Release|ARM
		{2C3CB710-6BCC-4274-9EDD-85740E1106EA}.Release|ARM.Deploy.0 = Release|ARM
		{2C3CB710-6BCC-4274-9EDD-85740E1106EA}.Release|iPhone.ActiveCfg = Release|x86
		{2C3CB710-6BCC-4274-9EDD-85740E1106EA}.Release|iPhoneSimulator.ActiveCfg = Release|x86
		{2C3CB710-6BCC-4274-9EDD-85740E1106EA}.Release|x64.ActiveCfg = Release|x64
		{2C3CB710-6BCC-4274-9EDD-85740E1106EA}.Release|x64.Build.0 = Release|x64
		{2C3CB710-6BCC-4274-9EDD-85740E1106EA}.Release|x64.Deploy.0 = Release|x64
		{2C3CB710-6BCC-4274-9EDD-85740E1106EA}.Release|x86.ActiveCfg = Release|x86
		{2C3CB710-6BCC-4274-9EDD-85740E1106EA}.Release|x86.Build.0 = Release|x86
		{2C3CB710-6BCC-4274-9EDD-85740E1106EA}.Release|x86.Deploy.0 = Release|x86
		{36E088D4-0DA2-4D26-AD5F-068EF1A815F1}.Ad-Hoc|Any CPU.ActiveCfg = Release|Any CPU
		{36E088D4-0DA2-4D26-AD5F-068EF1A815F1}.Ad-Hoc|Any CPU.Build.0 = Release|Any CPU
		{36E088D4-0DA2-4D26-AD5F-068EF1A815F1}.Ad-Hoc|Any CPU.Deploy.0 = Release|Any CPU
		{36E088D4-0DA2-4D26-AD5F-068EF1A815F1}.Ad-Hoc|ARM.ActiveCfg = Release|ARM
		{36E088D4-0DA2-4D26-AD5F-068EF1A815F1}.Ad-Hoc|ARM.Build.0 = Release|ARM
		{36E088D4-0DA2-4D26-AD5F-068EF1A815F1}.Ad-Hoc|ARM.Deploy.0 = Release|ARM
		{36E088D4-0DA2-4D26-AD5F-068EF1A815F1}.Ad-Hoc|iPhone.ActiveCfg = Release|Any CPU
		{36E088D4-0DA2-4D26-AD5F-068EF1A815F1}.Ad-Hoc|iPhone.Build.0 = Release|Any CPU
		{36E088D4-0DA2-4D26-AD5F-068EF1A815F1}.Ad-Hoc|iPhone.Deploy.0 = Release|Any CPU
		{36E088D4-0DA2-4D26-AD5F-068EF1A815F1}.Ad-Hoc|iPhoneSimulator.ActiveCfg = Release|Any CPU
		{36E088D4-0DA2-4D26-AD5F-068EF1A815F1}.Ad-Hoc|iPhoneSimulator.Build.0 = Release|Any CPU
		{36E088D4-0DA2-4D26-AD5F-068EF1A815F1}.Ad-Hoc|iPhoneSimulator.Deploy.0 = Release|Any CPU
		{36E088D4-0DA2-4D26-AD5F-068EF1A815F1}.Ad-Hoc|x64.ActiveCfg = Release|x64
		{36E088D4-0DA2-4D26-AD5F-068EF1A815F1}.Ad-Hoc|x64.Build.0 = Release|x64
		{36E088D4-0DA2-4D26-AD5F-068EF1A815F1}.Ad-Hoc|x64.Deploy.0 = Release|x64
		{36E088D4-0DA2-4D26-AD5F-068EF1A815F1}.Ad-Hoc|x86.ActiveCfg = Release|x86
		{36E088D4-0DA2-4D26-AD5F-068EF1A815F1}.Ad-Hoc|x86.Build.0 = Release|x86
		{36E088D4-0DA2-4D26-AD5F-068EF1A815F1}.Ad-Hoc|x86.Deploy.0 = Release|x86
		{36E088D4-0DA2-4D26-AD5F-068EF1A815F1}.AppStore|Any CPU.ActiveCfg = Release|Any CPU
		{36E088D4-0DA2-4D26-AD5F-068EF1A815F1}.AppStore|Any CPU.Build.0 = Release|Any CPU
		{36E088D4-0DA2-4D26-AD5F-068EF1A815F1}.AppStore|Any CPU.Deploy.0 = Release|Any CPU
		{36E088D4-0DA2-4D26-AD5F-068EF1A815F1}.AppStore|ARM.ActiveCfg = Release|ARM
		{36E088D4-0DA2-4D26-AD5F-068EF1A815F1}.AppStore|ARM.Build.0 = Release|ARM
		{36E088D4-0DA2-4D26-AD5F-068EF1A815F1}.AppStore|ARM.Deploy.0 = Release|ARM
		{36E088D4-0DA2-4D26-AD5F-068EF1A815F1}.AppStore|iPhone.ActiveCfg = Release|Any CPU
		{36E088D4-0DA2-4D26-AD5F-068EF1A815F1}.AppStore|iPhone.Build.0 = Release|Any CPU
		{36E088D4-0DA2-4D26-AD5F-068EF1A815F1}.AppStore|iPhone.Deploy.0 = Release|Any CPU
		{36E088D4-0DA2-4D26-AD5F-068EF1A815F1}.AppStore|iPhoneSimulator.ActiveCfg = Release|Any CPU
		{36E088D4-0DA2-4D26-AD5F-068EF1A815F1}.AppStore|iPhoneSimulator.Build.0 = Release|Any CPU
		{36E088D4-0DA2-4D26-AD5F-068EF1A815F1}.AppStore|iPhoneSimulator.Deploy.0 = Release|Any CPU
		{36E088D4-0DA2-4D26-AD5F-068EF1A815F1}.AppStore|x64.ActiveCfg = Release|x64
		{36E088D4-0DA2-4D26-AD5F-068EF1A815F1}.AppStore|x64.Build.0 = Release|x64
		{36E088D4-0DA2-4D26-AD5F-068EF1A815F1}.AppStore|x64.Deploy.0 = Release|x64
		{36E088D4-0DA2-4D26-AD5F-068EF1A815F1}.AppStore|x86.ActiveCfg = Release|x86
		{36E088D4-0DA2-4D26-AD5F-068EF1A815F1}.AppStore|x86.Build.0 = Release|x86
		{36E088D4-0DA2-4D26-AD5F-068EF1A815F1}.AppStore|x86.Deploy.0 = Release|x86
		{36E088D4-0DA2-4D26-AD5F-068EF1A815F1}.Debug|Any CPU.ActiveCfg = Debug|Any CPU
		{36E088D4-0DA2-4D26-AD5F-068EF1A815F1}.Debug|Any CPU.Build.0 = Debug|Any CPU
		{36E088D4-0DA2-4D26-AD5F-068EF1A815F1}.Debug|Any CPU.Deploy.0 = Debug|Any CPU
		{36E088D4-0DA2-4D26-AD5F-068EF1A815F1}.Debug|ARM.ActiveCfg = Debug|ARM
		{36E088D4-0DA2-4D26-AD5F-068EF1A815F1}.Debug|ARM.Build.0 = Debug|ARM
		{36E088D4-0DA2-4D26-AD5F-068EF1A815F1}.Debug|ARM.Deploy.0 = Debug|ARM
		{36E088D4-0DA2-4D26-AD5F-068EF1A815F1}.Debug|iPhone.ActiveCfg = Debug|Any CPU
		{36E088D4-0DA2-4D26-AD5F-068EF1A815F1}.Debug|iPhone.Build.0 = Debug|Any CPU
		{36E088D4-0DA2-4D26-AD5F-068EF1A815F1}.Debug|iPhone.Deploy.0 = Debug|Any CPU
		{36E088D4-0DA2-4D26-AD5F-068EF1A815F1}.Debug|iPhoneSimulator.ActiveCfg = Debug|Any CPU
		{36E088D4-0DA2-4D26-AD5F-068EF1A815F1}.Debug|iPhoneSimulator.Build.0 = Debug|Any CPU
		{36E088D4-0DA2-4D26-AD5F-068EF1A815F1}.Debug|iPhoneSimulator.Deploy.0 = Debug|Any CPU
		{36E088D4-0DA2-4D26-AD5F-068EF1A815F1}.Debug|x64.ActiveCfg = Debug|x64
		{36E088D4-0DA2-4D26-AD5F-068EF1A815F1}.Debug|x64.Build.0 = Debug|x64
		{36E088D4-0DA2-4D26-AD5F-068EF1A815F1}.Debug|x64.Deploy.0 = Debug|x64
		{36E088D4-0DA2-4D26-AD5F-068EF1A815F1}.Debug|x86.ActiveCfg = Debug|x86
		{36E088D4-0DA2-4D26-AD5F-068EF1A815F1}.Debug|x86.Build.0 = Debug|x86
		{36E088D4-0DA2-4D26-AD5F-068EF1A815F1}.Debug|x86.Deploy.0 = Debug|x86
		{36E088D4-0DA2-4D26-AD5F-068EF1A815F1}.Release|Any CPU.ActiveCfg = Release|Any CPU
		{36E088D4-0DA2-4D26-AD5F-068EF1A815F1}.Release|Any CPU.Build.0 = Release|Any CPU
		{36E088D4-0DA2-4D26-AD5F-068EF1A815F1}.Release|Any CPU.Deploy.0 = Release|Any CPU
		{36E088D4-0DA2-4D26-AD5F-068EF1A815F1}.Release|ARM.ActiveCfg = Release|ARM
		{36E088D4-0DA2-4D26-AD5F-068EF1A815F1}.Release|ARM.Build.0 = Release|ARM
		{36E088D4-0DA2-4D26-AD5F-068EF1A815F1}.Release|ARM.Deploy.0 = Release|ARM
		{36E088D4-0DA2-4D26-AD5F-068EF1A815F1}.Release|iPhone.ActiveCfg = Release|Any CPU
		{36E088D4-0DA2-4D26-AD5F-068EF1A815F1}.Release|iPhone.Build.0 = Release|Any CPU
		{36E088D4-0DA2-4D26-AD5F-068EF1A815F1}.Release|iPhone.Deploy.0 = Release|Any CPU
		{36E088D4-0DA2-4D26-AD5F-068EF1A815F1}.Release|iPhoneSimulator.ActiveCfg = Release|Any CPU
		{36E088D4-0DA2-4D26-AD5F-068EF1A815F1}.Release|iPhoneSimulator.Build.0 = Release|Any CPU
		{36E088D4-0DA2-4D26-AD5F-068EF1A815F1}.Release|iPhoneSimulator.Deploy.0 = Release|Any CPU
		{36E088D4-0DA2-4D26-AD5F-068EF1A815F1}.Release|x64.ActiveCfg = Release|x64
		{36E088D4-0DA2-4D26-AD5F-068EF1A815F1}.Release|x64.Build.0 = Release|x64
		{36E088D4-0DA2-4D26-AD5F-068EF1A815F1}.Release|x64.Deploy.0 = Release|x64
		{36E088D4-0DA2-4D26-AD5F-068EF1A815F1}.Release|x86.ActiveCfg = Release|x86
		{36E088D4-0DA2-4D26-AD5F-068EF1A815F1}.Release|x86.Build.0 = Release|x86
		{36E088D4-0DA2-4D26-AD5F-068EF1A815F1}.Release|x86.Deploy.0 = Release|x86
	EndGlobalSection
	GlobalSection(SolutionProperties) = preSolution
		HideSolutionNode = FALSE
	EndGlobalSection
EndGlobal
